
Microsoft Visual Studio Solution File, Format Version 12.00
# Visual Studio Version 17
VisualStudioVersion = 17.5.002.0
MinimumVisualStudioVersion = 10.0.40219.1
Project("{9A19103F-16F7-4668-BE54-9A1E7A4F7556}") = "LongestCommonPrefix", "LongestCommonPrefix.csproj", "{D8881B14-B763-4678-BC1E-A9C002178811}"
EndProject
Global
	GlobalSection(SolutionConfigurationPlatforms) = preSolution
		Debug|Any CPU = Debug|Any CPU
		Release|Any CPU = Release|Any CPU
	EndGlobalSection
	GlobalSection(ProjectConfigurationPlatforms) = postSolution
		{D8881B14-B763-4678-BC1E-A9C002178811}.Debug|Any CPU.ActiveCfg = Debug|Any CPU
		{D8881B14-B763-4678-BC1E-A9C002178811}.Debug|Any CPU.Build.0 = Debug|Any CPU
		{D8881B14-B763-4678-BC1E-A9C002178811}.Release|Any CPU.ActiveCfg = Release|Any CPU
		{D8881B14-B763-4678-BC1E-A9C002178811}.Release|Any CPU.Build.0 = Release|Any CPU
	EndGlobalSection
	GlobalSection(SolutionProperties) = preSolution
		HideSolutionNode = FALSE
	EndGlobalSection
	GlobalSection(ExtensibilityGlobals) = postSolution
		SolutionGuid = {63AFB9EE-447E-483C-AF90-68A9992A1FDB}
	EndGlobalSection
EndGlobal
